
Microsoft Visual Studio Solution File, Format Version 12.00
Project("{FAE04EC0-301F-11D3-BF4B-00C04F79EFBC}") = "ConsoleApp", "ConsoleApp\ConsoleApp.csproj", "{81EE892E-AB32-45B3-A0BF-65B2269B11FC}"
EndProject
Global
	GlobalSection(SolutionConfigurationPlatforms) = preSolution
		Debug|Any CPU = Debug|Any CPU
		Release|Any CPU = Release|Any CPU
	EndGlobalSection
	GlobalSection(ProjectConfigurationPlatforms) = postSolution
		{81EE892E-AB32-45B3-A0BF-65B2269B11FC}.Debug|Any CPU.ActiveCfg = Debug|Any CPU
		{81EE892E-AB32-45B3-A0BF-65B2269B11FC}.Debug|Any CPU.Build.0 = Debug|Any CPU
		{81EE892E-AB32-45B3-A0BF-65B2269B11FC}.Release|Any CPU.ActiveCfg = Release|Any CPU
		{81EE892E-AB32-45B3-A0BF-65B2269B11FC}.Release|Any CPU.Build.0 = Release|Any CPU
	EndGlobalSection
EndGlobal
